
Microsoft Visual Studio Solution File, Format Version 12.00
# Visual Studio Version 17
VisualStudioVersion = 17.5.002.0
MinimumVisualStudioVersion = 10.0.40219.1
Project("{9A19103F-16F7-4668-BE54-9A1E7A4F7556}") = "MvcMovie", "MvcMovie.csproj", "{050F2111-E2E5-4B59-B24B-A0D38BD92CD5}"
EndProject
Global
	GlobalSection(SolutionConfigurationPlatforms) = preSolution
		Debug|Any CPU = Debug|Any CPU
		Release|Any CPU = Release|Any CPU
	EndGlobalSection
	GlobalSection(ProjectConfigurationPlatforms) = postSolution
		{050F2111-E2E5-4B59-B24B-A0D38BD92CD5}.Debug|Any CPU.ActiveCfg = Debug|Any CPU
		{050F2111-E2E5-4B59-B24B-A0D38BD92CD5}.Debug|Any CPU.Build.0 = Debug|Any CPU
		{050F2111-E2E5-4B59-B24B-A0D38BD92CD5}.Release|Any CPU.ActiveCfg = Release|Any CPU
		{050F2111-E2E5-4B59-B24B-A0D38BD92CD5}.Release|Any CPU.Build.0 = Release|Any CPU
	EndGlobalSection
	GlobalSection(SolutionProperties) = preSolution
		HideSolutionNode = FALSE
	EndGlobalSection
	GlobalSection(ExtensibilityGlobals) = postSolution
		SolutionGuid = {2805706D-6372-4907-88FB-1439AE21D54F}
	EndGlobalSection
EndGlobal
